// !$*UTF8*$!
{
	archiveVersion = 1;
	classes = {
	};
	objectVersion = 56;
	objects = {

/* Begin PBXBuildFile section */
		DAA5629A2AD8C60B00CE2F92 /* WhatsUpWorldApp.swift in Sources */ = {isa = PBXBuildFile; fileRef = DAA562992AD8C60B00CE2F92 /* WhatsUpWorldApp.swift */; };
		DAA5629C2AD8C60B00CE2F92 /* ContentView.swift in Sources */ = {isa = PBXBuildFile; fileRef = DAA5629B2AD8C60B00CE2F92 /* ContentView.swift */; };
		DAA5629E2AD8C61000CE2F92 /* Assets.xcassets in Resources */ = {isa = PBXBuildFile; fileRef = DAA5629D2AD8C61000CE2F92 /* Assets.xcassets */; };
		DAA562A12AD8C61000CE2F92 /* Preview Assets.xcassets in Resources */ = {isa = PBXBuildFile; fileRef = DAA562A02AD8C61000CE2F92 /* Preview Assets.xcassets */; };
		DAA562AB2AD8C61100CE2F92 /* WhatsUpWorldTests.swift in Sources */ = {isa = PBXBuildFile; fileRef = DAA562AA2AD8C61100CE2F92 /* WhatsUpWorldTests.swift */; };
		DAA562B52AD8C61100CE2F92 /* WhatsUpWorldUITests.swift in Sources */ = {isa = PBXBuildFile; fileRef = DAA562B42AD8C61100CE2F92 /* WhatsUpWorldUITests.swift */; };
		DAA562B72AD8C61100CE2F92 /* WhatsUpWorldUITestsLaunchTests.swift in Sources */ = {isa = PBXBuildFile; fileRef = DAA562B62AD8C61100CE2F92 /* WhatsUpWorldUITestsLaunchTests.swift */; };
/* End PBXBuildFile section */

/* Begin PBXContainerItemProxy section */
		DAA562A72AD8C61100CE2F92 /* PBXContainerItemProxy */ = {
			isa = PBXContainerItemProxy;
			containerPortal = DAA5628E2AD8C60B00CE2F92 /* Project object */;
			proxyType = 1;
			remoteGlobalIDString = DAA562952AD8C60B00CE2F92;
			remoteInfo = WhatsUpWorld;
		};
		DAA562B12AD8C61100CE2F92 /* PBXContainerItemProxy */ = {
			isa = PBXContainerItemProxy;
			containerPortal = DAA5628E2AD8C60B00CE2F92 /* Project object */;
			proxyType = 1;
			remoteGlobalIDString = DAA562952AD8C60B00CE2F92;
			remoteInfo = WhatsUpWorld;
		};
/* End PBXContainerItemProxy section */

/* Begin PBXFileReference section */
		DAA562962AD8C60B00CE2F92 /* WhatsUpWorld.app */ = {isa = PBXFileReference; explicitFileType = wrapper.application; includeInIndex = 0; path = WhatsUpWorld.app; sourceTree = BUILT_PRODUCTS_DIR; };
		DAA562992AD8C60B00CE2F92 /* WhatsUpWorldApp.swift */ = {isa = PBXFileReference; lastKnownFileType = sourcecode.swift; path = WhatsUpWorldApp.swift; sourceTree = "<group>"; };
		DAA5629B2AD8C60B00CE2F92 /* ContentView.swift */ = {isa = PBXFileReference; lastKnownFileType = sourcecode.swift; path = ContentView.swift; sourceTree = "<group>"; };
		DAA5629D2AD8C61000CE2F92 /* Assets.xcassets */ = {isa = PBXFileReference; lastKnownFileType = folder.assetcatalog; path = Assets.xcassets; sourceTree = "<group>"; };
		DAA562A02AD8C61000CE2F92 /* Preview Assets.xcassets */ = {isa = PBXFileReference; lastKnownFileType = folder.assetcatalog; path = "Preview Assets.xcassets"; sourceTree = "<group>"; };
		DAA562A62AD8C61100CE2F92 /* WhatsUpWorldTests.xctest */ = {isa = PBXFileReference; explicitFileType = wrapper.cfbundle; includeInIndex = 0; path = WhatsUpWorldTests.xctest; sourceTree = BUILT_PRODUCTS_DIR; };
		DAA562AA2AD8C61100CE2F92 /* WhatsUpWorldTests.swift */ = {isa = PBXFileReference; lastKnownFileType = sourcecode.swift; path = WhatsUpWorldTests.swift; sourceTree = "<group>"; };
		DAA562B02AD8C61100CE2F92 /* WhatsUpWorldUITests.xctest */ = {isa = PBXFileReference; explicitFileType = wrapper.cfbundle; includeInIndex = 0; path = WhatsUpWorldUITests.xctest; sourceTree = BUILT_PRODUCTS_DIR; };
		DAA562B42AD8C61100CE2F92 /* WhatsUpWorldUITests.swift */ = {isa = PBXFileReference; lastKnownFileType = sourcecode.swift; path = WhatsUpWorldUITests.swift; sourceTree = "<group>"; };
		DAA562B62AD8C61100CE2F92 /* WhatsUpWorldUITestsLaunchTests.swift */ = {isa = PBXFileReference; lastKnownFileType = sourcecode.swift; path = WhatsUpWorldUITestsLaunchTests.swift; sourceTree = "<group>"; };
/* End PBXFileReference section */

/* Begin PBXFrameworksBuildPhase section */
		DAA562932AD8C60B00CE2F92 /* Frameworks */ = {
			isa = PBXFrameworksBuildPhase;
			buildActionMask = 2147483647;
			files = (
			);
			runOnlyForDeploymentPostprocessing = 0;
		};
		DAA562A32AD8C61100CE2F92 /* Frameworks */ = {
			isa = PBXFrameworksBuildPhase;
			buildActionMask = 2147483647;
			files = (
			);
			runOnlyForDeploymentPostprocessing = 0;
		};
		DAA562AD2AD8C61100CE2F92 /* Frameworks */ = {
			isa = PBXFrameworksBuildPhase;
			buildActionMask = 2147483647;
			files = (
			);
			runOnlyForDeploymentPostprocessing = 0;
		};
/* End PBXFrameworksBuildPhase section */

/* Begin PBXGroup section */
		DAA5628D2AD8C60B00CE2F92 = {
			isa = PBXGroup;
			children = (
				DAA562982AD8C60B00CE2F92 /* WhatsUpWorld */,
				DAA562A92AD8C61100CE2F92 /* WhatsUpWorldTests */,
				DAA562B32AD8C61100CE2F92 /* WhatsUpWorldUITests */,
				DAA562972AD8C60B00CE2F92 /* Products */,
			);
			sourceTree = "<group>";
		};
		DAA562972AD8C60B00CE2F92 /* Products */ = {
			isa = PBXGroup;
			children = (
				DAA562962AD8C60B00CE2F92 /* WhatsUpWorld.app */,
				DAA562A62AD8C61100CE2F92 /* WhatsUpWorldTests.xctest */,
				DAA562B02AD8C61100CE2F92 /* WhatsUpWorldUITests.xctest */,
			);
			name = Products;
			sourceTree = "<group>";
		};
		DAA562982AD8C60B00CE2F92 /* WhatsUpWorld */ = {
			isa = PBXGroup;
			children = (
				DAA562992AD8C60B00CE2F92 /* WhatsUpWorldApp.swift */,
				DAA5629B2AD8C60B00CE2F92 /* ContentView.swift */,
				DAA5629D2AD8C61000CE2F92 /* Assets.xcassets */,
				DAA5629F2AD8C61000CE2F92 /* Preview Content */,
			);
			path = WhatsUpWorld;
			sourceTree = "<group>";
		};
		DAA5629F2AD8C61000CE2F92 /* Preview Content */ = {
			isa = PBXGroup;
			children = (
				DAA562A02AD8C61000CE2F92 /* Preview Assets.xcassets */,
			);
			path = "Preview Content";
			sourceTree = "<group>";
		};
		DAA562A92AD8C61100CE2F92 /* WhatsUpWorldTests */ = {
			isa = PBXGroup;
			children = (
				DAA562AA2AD8C61100CE2F92 /* WhatsUpWorldTests.swift */,
			);
			path = WhatsUpWorldTests;
			sourceTree = "<group>";
		};
		DAA562B32AD8C61100CE2F92 /* WhatsUpWorldUITests */ = {
			isa = PBXGroup;
			children = (
				DAA562B42AD8C61100CE2F92 /* WhatsUpWorldUITests.swift */,
				DAA562B62AD8C61100CE2F92 /* WhatsUpWorldUITestsLaunchTests.swift */,
			);
			path = WhatsUpWorldUITests;
			sourceTree = "<group>";
		};
/* End PBXGroup section */

/* Begin PBXNativeTarget section */
		DAA562952AD8C60B00CE2F92 /* WhatsUpWorld */ = {
			isa = PBXNativeTarget;
			buildConfigurationList = DAA562BA2AD8C61100CE2F92 /* Build configuration list for PBXNativeTarget "WhatsUpWorld" */;
			buildPhases = (
				DAA562922AD8C60B00CE2F92 /* Sources */,
				DAA562932AD8C60B00CE2F92 /* Frameworks */,
				DAA562942AD8C60B00CE2F92 /* Resources */,
			);
			buildRules = (
			);
			dependencies = (
			);
			name = WhatsUpWorld;
			productName = WhatsUpWorld;
			productReference = DAA562962AD8C60B00CE2F92 /* WhatsUpWorld.app */;
			productType = "com.apple.product-type.application";
		};
		DAA562A52AD8C61100CE2F92 /* WhatsUpWorldTests */ = {
			isa = PBXNativeTarget;
			buildConfigurationList = DAA562BD2AD8C61100CE2F92 /* Build configuration list for PBXNativeTarget "WhatsUpWorldTests" */;
			buildPhases = (
				DAA562A22AD8C61100CE2F92 /* Sources */,
				DAA562A32AD8C61100CE2F92 /* Frameworks */,
				DAA562A42AD8C61100CE2F92 /* Resources */,
			);
			buildRules = (
			);
			dependencies = (
				DAA562A82AD8C61100CE2F92 /* PBXTargetDependency */,
			);
			name = WhatsUpWorldTests;
			productName = WhatsUpWorldTests;
			productReference = DAA562A62AD8C61100CE2F92 /* WhatsUpWorldTests.xctest */;
			productType = "com.apple.product-type.bundle.unit-test";
		};
		DAA562AF2AD8C61100CE2F92 /* WhatsUpWorldUITests */ = {
			isa = PBXNativeTarget;
			buildConfigurationList = DAA562C02AD8C61100CE2F92 /* Build configuration list for PBXNativeTarget "WhatsUpWorldUITests" */;
			buildPhases = (
				DAA562AC2AD8C61100CE2F92 /* Sources */,
				DAA562AD2AD8C61100CE2F92 /* Frameworks */,
				DAA562AE2AD8C61100CE2F92 /* Resources */,
			);
			buildRules = (
			);
			dependencies = (
				DAA562B22AD8C61100CE2F92 /* PBXTargetDependency */,
			);
			name = WhatsUpWorldUITests;
			productName = WhatsUpWorldUITests;
			productReference = DAA562B02AD8C61100CE2F92 /* WhatsUpWorldUITests.xctest */;
			productType = "com.apple.product-type.bundle.ui-testing";
		};
/* End PBXNativeTarget section */

/* Begin PBXProject section */
		DAA5628E2AD8C60B00CE2F92 /* Project object */ = {
			isa = PBXProject;
			attributes = {
				BuildIndependentTargetsInParallel = 1;
				LastSwiftUpdateCheck = 1500;
				LastUpgradeCheck = 1500;
				TargetAttributes = {
					DAA562952AD8C60B00CE2F92 = {
						CreatedOnToolsVersion = 15.0;
					};
					DAA562A52AD8C61100CE2F92 = {
						CreatedOnToolsVersion = 15.0;
						TestTargetID = DAA562952AD8C60B00CE2F92;
					};
					DAA562AF2AD8C61100CE2F92 = {
						CreatedOnToolsVersion = 15.0;
						TestTargetID = DAA562952AD8C60B00CE2F92;
					};
				};
			};
			buildConfigurationList = DAA562912AD8C60B00CE2F92 /* Build configuration list for PBXProject "WhatsUpWorld" */;
			compatibilityVersion = "Xcode 14.0";
			developmentRegion = en;
			hasScannedForEncodings = 0;
			knownRegions = (
				en,
				Base,
			);
			mainGroup = DAA5628D2AD8C60B00CE2F92;
			productRefGroup = DAA562972AD8C60B00CE2F92 /* Products */;
			projectDirPath = "";
			projectRoot = "";
			targets = (
				DAA562952AD8C60B00CE2F92 /* WhatsUpWorld */,
				DAA562A52AD8C61100CE2F92 /* WhatsUpWorldTests */,
				DAA562AF2AD8C61100CE2F92 /* WhatsUpWorldUITests */,
			);
		};
/* End PBXProject section */

/* Begin PBXResourcesBuildPhase section */
		DAA562942AD8C60B00CE2F92 /* Resources */ = {
			isa = PBXResourcesBuildPhase;
			buildActionMask = 2147483647;
			files = (
				DAA562A12AD8C61000CE2F92 /* Preview Assets.xcassets in Resources */,
				DAA5629E2AD8C61000CE2F92 /* Assets.xcassets in Resources */,
			);
			runOnlyForDeploymentPostprocessing = 0;
		};
		DAA562A42AD8C61100CE2F92 /* Resources */ = {
			isa = PBXResourcesBuildPhase;
			buildActionMask = 2147483647;
			files = (
			);
			runOnlyForDeploymentPostprocessing = 0;
		};
		DAA562AE2AD8C61100CE2F92 /* Resources */ = {
			isa = PBXResourcesBuildPhase;
			buildActionMask = 2147483647;
			files = (
			);
			runOnlyForDeploymentPostprocessing = 0;
		};
/* End PBXResourcesBuildPhase section */

/* Begin PBXSourcesBuildPhase section */
		DAA562922AD8C60B00CE2F92 /* Sources */ = {
			isa = PBXSourcesBuildPhase;
			buildActionMask = 2147483647;
			files = (
				DAA5629C2AD8C60B00CE2F92 /* ContentView.swift in Sources */,
				DAA5629A2AD8C60B00CE2F92 /* WhatsUpWorldApp.swift in Sources */,
			);
			runOnlyForDeploymentPostprocessing = 0;
		};
		DAA562A22AD8C61100CE2F92 /* Sources */ = {
			isa = PBXSourcesBuildPhase;
			buildActionMask = 2147483647;
			files = (
				DAA562AB2AD8C61100CE2F92 /* WhatsUpWorldTests.swift in Sources */,
			);
			runOnlyForDeploymentPostprocessing = 0;
		};
		DAA562AC2AD8C61100CE2F92 /* Sources */ = {
			isa = PBXSourcesBuildPhase;
			buildActionMask = 2147483647;
			files = (
				DAA562B72AD8C61100CE2F92 /* WhatsUpWorldUITestsLaunchTests.swift in Sources */,
				DAA562B52AD8C61100CE2F92 /* WhatsUpWorldUITests.swift in Sources */,
			);
			runOnlyForDeploymentPostprocessing = 0;
		};
/* End PBXSourcesBuildPhase section */

/* Begin PBXTargetDependency section */
		DAA562A82AD8C61100CE2F92 /* PBXTargetDependency */ = {
			isa = PBXTargetDependency;
			target = DAA562952AD8C60B00CE2F92 /* WhatsUpWorld */;
			targetProxy = DAA562A72AD8C61100CE2F92 /* PBXContainerItemProxy */;
		};
		DAA562B22AD8C61100CE2F92 /* PBXTargetDependency */ = {
			isa = PBXTargetDependency;
			target = DAA562952AD8C60B00CE2F92 /* WhatsUpWorld */;
			targetProxy = DAA562B12AD8C61100CE2F92 /* PBXContainerItemProxy */;
		};
/* End PBXTargetDependency section */

/* Begin XCBuildConfiguration section */
		DAA562B82AD8C61100CE2F92 /* Debug */ = {
			isa = XCBuildConfiguration;
			buildSettings = {
				ALWAYS_SEARCH_USER_PATHS = NO;
				ASSETCATALOG_COMPILER_GENERATE_SWIFT_ASSET_SYMBOL_EXTENSIONS = YES;
				CLANG_ANALYZER_NONNULL = YES;
				CLANG_ANALYZER_NUMBER_OBJECT_CONVERSION = YES_AGGRESSIVE;
				CLANG_CXX_LANGUAGE_STANDARD = "gnu++20";
				CLANG_ENABLE_MODULES = YES;
				CLANG_ENABLE_OBJC_ARC = YES;
				CLANG_ENABLE_OBJC_WEAK = YES;
				CLANG_WARN_BLOCK_CAPTURE_AUTORELEASING = YES;
				CLANG_WARN_BOOL_CONVERSION = YES;
				CLANG_WARN_COMMA = YES;
				CLANG_WARN_CONSTANT_CONVERSION = YES;
				CLANG_WARN_DEPRECATED_OBJC_IMPLEMENTATIONS = YES;
				CLANG_WARN_DIRECT_OBJC_ISA_USAGE = YES_ERROR;
				CLANG_WARN_DOCUMENTATION_COMMENTS = YES;
				CLANG_WARN_EMPTY_BODY = YES;
				CLANG_WARN_ENUM_CONVERSION = YES;
				CLANG_WARN_INFINITE_RECURSION = YES;
				CLANG_WARN_INT_CONVERSION = YES;
				CLANG_WARN_NON_LITERAL_NULL_CONVERSION = YES;
				CLANG_WARN_OBJC_IMPLICIT_RETAIN_SELF = YES;
				CLANG_WARN_OBJC_LITERAL_CONVERSION = YES;
				CLANG_WARN_OBJC_ROOT_CLASS = YES_ERROR;
				CLANG_WARN_QUOTED_INCLUDE_IN_FRAMEWORK_HEADER = YES;
				CLANG_WARN_RANGE_LOOP_ANALYSIS = YES;
				CLANG_WARN_STRICT_PROTOTYPES = YES;
				CLANG_WARN_SUSPICIOUS_MOVE = YES;
				CLANG_WARN_UNGUARDED_AVAILABILITY = YES_AGGRESSIVE;
				CLANG_WARN_UNREACHABLE_CODE = YES;
				CLANG_WARN__DUPLICATE_METHOD_MATCH = YES;
				COPY_PHASE_STRIP = NO;
				DEBUG_INFORMATION_FORMAT = dwarf;
				ENABLE_STRICT_OBJC_MSGSEND = YES;
				ENABLE_TESTABILITY = YES;
				ENABLE_USER_SCRIPT_SANDBOXING = YES;
				GCC_C_LANGUAGE_STANDARD = gnu17;
				GCC_DYNAMIC_NO_PIC = NO;
				GCC_NO_COMMON_BLOCKS = YES;
				GCC_OPTIMIZATION_LEVEL = 0;
				GCC_PREPROCESSOR_DEFINITIONS = (
					"DEBUG=1",
					"$(inherited)",
				);
				GCC_WARN_64_TO_32_BIT_CONVERSION = YES;
				GCC_WARN_ABOUT_RETURN_TYPE = YES_ERROR;
				GCC_WARN_UNDECLARED_SELECTOR = YES;
				GCC_WARN_UNINITIALIZED_AUTOS = YES_AGGRESSIVE;
				GCC_WARN_UNUSED_FUNCTION = YES;
				GCC_WARN_UNUSED_VARIABLE = YES;
				IPHONEOS_DEPLOYMENT_TARGET = 17.0;
				LOCALIZATION_PREFERS_STRING_CATALOGS = YES;
				MTL_ENABLE_DEBUG_INFO = INCLUDE_SOURCE;
				MTL_FAST_MATH = YES;
				ONLY_ACTIVE_ARCH = YES;
				SDKROOT = iphoneos;
				SWIFT_ACTIVE_COMPILATION_CONDITIONS = "DEBUG $(inherited)";
				SWIFT_OPTIMIZATION_LEVEL = "-Onone";
			};
			name = Debug;
		};
		DAA562B92AD8C61100CE2F92 /* Release */ = {
			isa = XCBuildConfiguration;
			buildSettings = {
				ALWAYS_SEARCH_USER_PATHS = NO;
				ASSETCATALOG_COMPILER_GENERATE_SWIFT_ASSET_SYMBOL_EXTENSIONS = YES;
				CLANG_ANALYZER_NONNULL = YES;
				CLANG_ANALYZER_NUMBER_OBJECT_CONVERSION = YES_AGGRESSIVE;
				CLANG_CXX_LANGUAGE_STANDARD = "gnu++20";
				CLANG_ENABLE_MODULES = YES;
				CLANG_ENABLE_OBJC_ARC = YES;
				CLANG_ENABLE_OBJC_WEAK = YES;
				CLANG_WARN_BLOCK_CAPTURE_AUTORELEASING = YES;
				CLANG_WARN_BOOL_CONVERSION = YES;
				CLANG_WARN_COMMA = YES;
				CLANG_WARN_CONSTANT_CONVERSION = YES;
				CLANG_WARN_DEPRECATED_OBJC_IMPLEMENTATIONS = YES;
				CLANG_WARN_DIRECT_OBJC_ISA_USAGE = YES_ERROR;
				CLANG_WARN_DOCUMENTATION_COMMENTS = YES;
				CLANG_WARN_EMPTY_BODY = YES;
				CLANG_WARN_ENUM_CONVERSION = YES;
				CLANG_WARN_INFINITE_RECURSION = YES;
				CLANG_WARN_INT_CONVERSION = YES;
				CLANG_WARN_NON_LITERAL_NULL_CONVERSION = YES;
				CLANG_WARN_OBJC_IMPLICIT_RETAIN_SELF = YES;
				CLANG_WARN_OBJC_LITERAL_CONVERSION = YES;
				CLANG_WARN_OBJC_ROOT_CLASS = YES_ERROR;
				CLANG_WARN_QUOTED_INCLUDE_IN_FRAMEWORK_HEADER = YES;
				CLANG_WARN_RANGE_LOOP_ANALYSIS = YES;
				CLANG_WARN_STRICT_PROTOTYPES = YES;
				CLANG_WARN_SUSPICIOUS_MOVE = YES;
				CLANG_WARN_UNGUARDED_AVAILABILITY = YES_AGGRESSIVE;
				CLANG_WARN_UNREACHABLE_CODE = YES;
				CLANG_WARN__DUPLICATE_METHOD_MATCH = YES;
				COPY_PHASE_STRIP = NO;
				DEBUG_INFORMATION_FORMAT = "dwarf-with-dsym";
				ENABLE_NS_ASSERTIONS = NO;
				ENABLE_STRICT_OBJC_MSGSEND = YES;
				ENABLE_USER_SCRIPT_SANDBOXING = YES;
				GCC_C_LANGUAGE_STANDARD = gnu17;
				GCC_NO_COMMON_BLOCKS = YES;
				GCC_WARN_64_TO_32_BIT_CONVERSION = YES;
				GCC_WARN_ABOUT_RETURN_TYPE = YES_ERROR;
				GCC_WARN_UNDECLARED_SELECTOR = YES;
				GCC_WARN_UNINITIALIZED_AUTOS = YES_AGGRESSIVE;
				GCC_WARN_UNUSED_FUNCTION = YES;
				GCC_WARN_UNUSED_VARIABLE = YES;
				IPHONEOS_DEPLOYMENT_TARGET = 17.0;
				LOCALIZATION_PREFERS_STRING_CATALOGS = YES;
				MTL_ENABLE_DEBUG_INFO = NO;
				MTL_FAST_MATH = YES;
				SDKROOT = iphoneos;
				SWIFT_COMPILATION_MODE = wholemodule;
				VALIDATE_PRODUCT = YES;
			};
			name = Release;
		};
		DAA562BB2AD8C61100CE2F92 /* Debug */ = {
			isa = XCBuildConfiguration;
			buildSettings = {
				ASSETCATALOG_COMPILER_APPICON_NAME = AppIcon;
				ASSETCATALOG_COMPILER_GLOBAL_ACCENT_COLOR_NAME = AccentColor;
				CODE_SIGN_STYLE = Automatic;
				CURRENT_PROJECT_VERSION = 1;
				DEVELOPMENT_ASSET_PATHS = "\"WhatsUpWorld/Preview Content\"";
				DEVELOPMENT_TEAM = GZX884X8HC;
				ENABLE_PREVIEWS = YES;
				GENERATE_INFOPLIST_FILE = YES;
				INFOPLIST_KEY_UIApplicationSceneManifest_Generation = YES;
				INFOPLIST_KEY_UIApplicationSupportsIndirectInputEvents = YES;
				INFOPLIST_KEY_UILaunchScreen_Generation = YES;
				INFOPLIST_KEY_UISupportedInterfaceOrientations_iPad = "UIInterfaceOrientationPortrait UIInterfaceOrientationPortraitUpsideDown UIInterfaceOrientationLandscapeLeft UIInterfaceOrientationLandscapeRight";
				INFOPLIST_KEY_UISupportedInterfaceOrientations_iPhone = "UIInterfaceOrientationPortrait UIInterfaceOrientationLandscapeLeft UIInterfaceOrientationLandscapeRight";
				LD_RUNPATH_SEARCH_PATHS = (
					"$(inherited)",
					"@executable_path/Frameworks",
				);
				MARKETING_VERSION = 1.0;
				PRODUCT_BUNDLE_IDENTIFIER = chimir.WhatsUpWorld;
				PRODUCT_NAME = "$(TARGET_NAME)";
				SWIFT_EMIT_LOC_STRINGS = YES;
				SWIFT_VERSION = 5.0;
				TARGETED_DEVICE_FAMILY = "1,2";
			};
			name = Debug;
		};
		DAA562BC2AD8C61100CE2F92 /* Release */ = {
			isa = XCBuildConfiguration;
			buildSettings = {
				ASSETCATALOG_COMPILER_APPICON_NAME = AppIcon;
				ASSETCATALOG_COMPILER_GLOBAL_ACCENT_COLOR_NAME = AccentColor;
				CODE_SIGN_STYLE = Automatic;
				CURRENT_PROJECT_VERSION = 1;
				DEVELOPMENT_ASSET_PATHS = "\"WhatsUpWorld/Preview Content\"";
				DEVELOPMENT_TEAM = GZX884X8HC;
				ENABLE_PREVIEWS = YES;
				GENERATE_INFOPLIST_FILE = YES;
				INFOPLIST_KEY_UIApplicationSceneManifest_Generation = YES;
				INFOPLIST_KEY_UIApplicationSupportsIndirectInputEvents = YES;
				INFOPLIST_KEY_UILaunchScreen_Generation = YES;
				INFOPLIST_KEY_UISupportedInterfaceOrientations_iPad = "UIInterfaceOrientationPortrait UIInterfaceOrientationPortraitUpsideDown UIInterfaceOrientationLandscapeLeft UIInterfaceOrientationLandscapeRight";
				INFOPLIST_KEY_UISupportedInterfaceOrientations_iPhone = "UIInterfaceOrientationPortrait UIInterfaceOrientationLandscapeLeft UIInterfaceOrientationLandscapeRight";
				LD_RUNPATH_SEARCH_PATHS = (
					"$(inherited)",
					"@executable_path/Frameworks",
				);
				MARKETING_VERSION = 1.0;
				PRODUCT_BUNDLE_IDENTIFIER = chimir.WhatsUpWorld;
				PRODUCT_NAME = "$(TARGET_NAME)";
				SWIFT_EMIT_LOC_STRINGS = YES;
				SWIFT_VERSION = 5.0;
				TARGETED_DEVICE_FAMILY = "1,2";
			};
			name = Release;
		};
		DAA562BE2AD8C61100CE2F92 /* Debug */ = {
			isa = XCBuildConfiguration;
			buildSettings = {
				ALWAYS_EMBED_SWIFT_STANDARD_LIBRARIES = YES;
				BUNDLE_LOADER = "$(TEST_HOST)";
				CODE_SIGN_STYLE = Automatic;
				CURRENT_PROJECT_VERSION = 1;
				DEVELOPMENT_TEAM = GZX884X8HC;
				GENERATE_INFOPLIST_FILE = YES;
				IPHONEOS_DEPLOYMENT_TARGET = 17.0;
				MARKETING_VERSION = 1.0;
				PRODUCT_BUNDLE_IDENTIFIER = chimir.WhatsUpWorldTests;
				PRODUCT_NAME = "$(TARGET_NAME)";
				SWIFT_EMIT_LOC_STRINGS = NO;
				SWIFT_VERSION = 5.0;
				TARGETED_DEVICE_FAMILY = "1,2";
				TEST_HOST = "$(BUILT_PRODUCTS_DIR)/WhatsUpWorld.app/$(BUNDLE_EXECUTABLE_FOLDER_PATH)/WhatsUpWorld";
			};
			name = Debug;
		};
		DAA562BF2AD8C61100CE2F92 /* Release */ = {
			isa = XCBuildConfiguration;
			buildSettings = {
				ALWAYS_EMBED_SWIFT_STANDARD_LIBRARIES = YES;
				BUNDLE_LOADER = "$(TEST_HOST)";
				CODE_SIGN_STYLE = Automatic;
				CURRENT_PROJECT_VERSION = 1;
				DEVELOPMENT_TEAM = GZX884X8HC;
				GENERATE_INFOPLIST_FILE = YES;
				IPHONEOS_DEPLOYMENT_TARGET = 17.0;
				MARKETING_VERSION = 1.0;
				PRODUCT_BUNDLE_IDENTIFIER = chimir.WhatsUpWorldTests;
				PRODUCT_NAME = "$(TARGET_NAME)";
				SWIFT_EMIT_LOC_STRINGS = NO;
				SWIFT_VERSION = 5.0;
				TARGETED_DEVICE_FAMILY = "1,2";
				TEST_HOST = "$(BUILT_PRODUCTS_DIR)/WhatsUpWorld.app/$(BUNDLE_EXECUTABLE_FOLDER_PATH)/WhatsUpWorld";
			};
			name = Release;
		};
		DAA562C12AD8C61100CE2F92 /* Debug */ = {
			isa = XCBuildConfiguration;
			buildSettings = {
				ALWAYS_EMBED_SWIFT_STANDARD_LIBRARIES = YES;
				CODE_SIGN_STYLE = Automatic;
				CURRENT_PROJECT_VERSION = 1;
				DEVELOPMENT_TEAM = GZX884X8HC;
				GENERATE_INFOPLIST_FILE = YES;
				MARKETING_VERSION = 1.0;
				PRODUCT_BUNDLE_IDENTIFIER = chimir.WhatsUpWorldUITests;
				PRODUCT_NAME = "$(TARGET_NAME)";
				SWIFT_EMIT_LOC_STRINGS = NO;
				SWIFT_VERSION = 5.0;
				TARGETED_DEVICE_FAMILY = "1,2";
				TEST_TARGET_NAME = WhatsUpWorld;
			};
			name = Debug;
		};
		DAA562C22AD8C61100CE2F92 /* Release */ = {
			isa = XCBuildConfiguration;
			buildSettings = {
				ALWAYS_EMBED_SWIFT_STANDARD_LIBRARIES = YES;
				CODE_SIGN_STYLE = Automatic;
				CURRENT_PROJECT_VERSION = 1;
				DEVELOPMENT_TEAM = GZX884X8HC;
				GENERATE_INFOPLIST_FILE = YES;
				MARKETING_VERSION = 1.0;
				PRODUCT_BUNDLE_IDENTIFIER = chimir.WhatsUpWorldUITests;
				PRODUCT_NAME = "$(TARGET_NAME)";
				SWIFT_EMIT_LOC_STRINGS = NO;
				SWIFT_VERSION = 5.0;
				TARGETED_DEVICE_FAMILY = "1,2";
				TEST_TARGET_NAME = WhatsUpWorld;
			};
			name = Release;
		};
/* End XCBuildConfiguration section */

/* Begin XCConfigurationList section */
		DAA562912AD8C60B00CE2F92 /* Build configuration list for PBXProject "WhatsUpWorld" */ = {
			isa = XCConfigurationList;
			buildConfigurations = (
				DAA562B82AD8C61100CE2F92 /* Debug */,
				DAA562B92AD8C61100CE2F92 /* Release */,
			);
			defaultConfigurationIsVisible = 0;
			defaultConfigurationName = Release;
		};
		DAA562BA2AD8C61100CE2F92 /* Build configuration list for PBXNativeTarget "WhatsUpWorld" */ = {
			isa = XCConfigurationList;
			buildConfigurations = (
				DAA562BB2AD8C61100CE2F92 /* Debug */,
				DAA562BC2AD8C61100CE2F92 /* Release */,
			);
			defaultConfigurationIsVisible = 0;
			defaultConfigurationName = Release;
		};
		DAA562BD2AD8C61100CE2F92 /* Build configuration list for PBXNativeTarget "WhatsUpWorldTests" */ = {
			isa = XCConfigurationList;
			buildConfigurations = (
				DAA562BE2AD8C61100CE2F92 /* Debug */,
				DAA562BF2AD8C61100CE2F92 /* Release */,
			);
			defaultConfigurationIsVisible = 0;
			defaultConfigurationName = Release;
		};
		DAA562C02AD8C61100CE2F92 /* Build configuration list for PBXNativeTarget "WhatsUpWorldUITests" */ = {
			isa = XCConfigurationList;
			buildConfigurations = (
				DAA562C12AD8C61100CE2F92 /* Debug */,
				DAA562C22AD8C61100CE2F92 /* Release */,
			);
			defaultConfigurationIsVisible = 0;
			defaultConfigurationName = Release;
		};
/* End XCConfigurationList section */
	};
	rootObject = DAA5628E2AD8C60B00CE2F92 /* Project object */;
}
